
Microsoft Visual Studio Solution File, Format Version 12.00
# Visual Studio Version 17
VisualStudioVersion = 17.14.36511.14 d17.14
MinimumVisualStudioVersion = 10.0.40219.1
Project("{FAE04EC0-301F-11D3-BF4B-00C04F79EFBC}") = "ExchangeService.APIApp", "ExchangeService.APIApp\ExchangeService.APIApp.csproj", "{EF94761B-E85D-44AC-96ED-A4CACE6056B3}"
EndProject
Project("{FAE04EC0-301F-11D3-BF4B-00C04F79EFBC}") = "ExchangeService.APIAppTests", "ExchangeService.APIAppTests\ExchangeService.APIAppTests.csproj", "{B75720DB-585B-4255-81C1-818B4AF00B26}"
EndProject
Global
	GlobalSection(SolutionConfigurationPlatforms) = preSolution
		Debug|Any CPU = Debug|Any CPU
		Release|Any CPU = Release|Any CPU
	EndGlobalSection
	GlobalSection(ProjectConfigurationPlatforms) = postSolution
		{EF94761B-E85D-44AC-96ED-A4CACE6056B3}.Debug|Any CPU.ActiveCfg = Debug|Any CPU
		{EF94761B-E85D-44AC-96ED-A4CACE6056B3}.Debug|Any CPU.Build.0 = Debug|Any CPU
		{EF94761B-E85D-44AC-96ED-A4CACE6056B3}.Release|Any CPU.ActiveCfg = Release|Any CPU
		{EF94761B-E85D-44AC-96ED-A4CACE6056B3}.Release|Any CPU.Build.0 = Release|Any CPU
		{B75720DB-585B-4255-81C1-818B4AF00B26}.Debug|Any CPU.ActiveCfg = Debug|Any CPU
		{B75720DB-585B-4255-81C1-818B4AF00B26}.Debug|Any CPU.Build.0 = Debug|Any CPU
		{B75720DB-585B-4255-81C1-818B4AF00B26}.Release|Any CPU.ActiveCfg = Release|Any CPU
		{B75720DB-585B-4255-81C1-818B4AF00B26}.Release|Any CPU.Build.0 = Release|Any CPU
	EndGlobalSection
	GlobalSection(SolutionProperties) = preSolution
		HideSolutionNode = FALSE
	EndGlobalSection
	GlobalSection(ExtensibilityGlobals) = postSolution
		SolutionGuid = {BDE5C7EB-F585-4D51-8CB5-9DA9B311E8A8}
	EndGlobalSection
EndGlobal
